
Microsoft Visual Studio Solution File, Format Version 12.00
# Visual Studio Version 17
VisualStudioVersion = 17.1.32407.343
MinimumVisualStudioVersion = 10.0.40219.1
Project("{2150E333-8FDC-42A3-9474-1A3956D46DE8}") = "Solution Items", "Solution Items", "{0408CC06-0F00-4C4D-A341-ACB26E2809A2}"
	ProjectSection(SolutionItems) = preProject
		Architecture.md = Architecture.md
		Changelog.md = Changelog.md
		Directory.Build.props = Directory.Build.props
		icon.png = icon.png
		LICENSE = LICENSE
		logo.svg = logo.svg
		NOTICES = NOTICES
		README.md = README.md
	EndProjectSection
EndProject
Project("{2150E333-8FDC-42A3-9474-1A3956D46DE8}") = "src", "src", "{BEA7E74A-4BB1-47E5-864C-8F017CD224BB}"
EndProject
Project("{2150E333-8FDC-42A3-9474-1A3956D46DE8}") = "test", "test", "{E3C458CE-58E7-4E56-BC08-A5AA17B898B1}"
EndProject
Project("{9A19103F-16F7-4668-BE54-9A1E7A4F7556}") = "RoadCaptain", "src\RoadCaptain\RoadCaptain.csproj", "{FB00E6FE-C998-462C-AD66-D08E58477737}"
EndProject
Project("{9A19103F-16F7-4668-BE54-9A1E7A4F7556}") = "RoadCaptain.Host.Console", "src\RoadCaptain.Host.Console\RoadCaptain.Host.Console.csproj", "{F2BABD3D-CBC9-4DFD-BDD5-4E3E4638B76B}"
EndProject
Project("{9A19103F-16F7-4668-BE54-9A1E7A4F7556}") = "RoadCaptain.Tests.Unit", "test\RoadCaptain.Tests.Unit\RoadCaptain.Tests.Unit.csproj", "{1AB4A083-6DAA-4CE4-B0E0-03C5B1636EB4}"
EndProject
Project("{9A19103F-16F7-4668-BE54-9A1E7A4F7556}") = "RoadCaptain.Adapters", "src\RoadCaptain.Adapters\RoadCaptain.Adapters.csproj", "{2E2ECA2F-F51E-468E-A92D-20F82660E0E1}"
EndProject
Project("{9A19103F-16F7-4668-BE54-9A1E7A4F7556}") = "RoadCaptain.SegmentBuilder", "src\RoadCaptain.SegmentBuilder\RoadCaptain.SegmentBuilder.csproj", "{D320E3EB-6D78-4F99-A038-68804BDBCD4E}"
EndProject
Project("{9A19103F-16F7-4668-BE54-9A1E7A4F7556}") = "RoadCaptain.RouteBuilder", "src\RoadCaptain.RouteBuilder\RoadCaptain.RouteBuilder.csproj", "{A53B6A87-4058-4392-8F37-02C7B896ACE8}"
EndProject
Project("{9A19103F-16F7-4668-BE54-9A1E7A4F7556}") = "RoadCaptain.Runner", "src\RoadCaptain.Runner\RoadCaptain.Runner.csproj", "{946F1BD8-59D6-4F2B-B056-DC9270F29870}"
EndProject
Project("{2150E333-8FDC-42A3-9474-1A3956D46DE8}") = "packaging", "packaging", "{32960635-C826-4DFF-A9E0-8AFAE47DEC90}"
EndProject
Project("{930C7802-8A8C-48F9-8165-68863BCCD9DD}") = "RoadCaptain.Installer", "packaging\RoadCaptain.Installer\RoadCaptain.Installer.wixproj", "{7AFB461E-C812-4F42-80C9-E7B61B7221BC}"
EndProject
Project("{9A19103F-16F7-4668-BE54-9A1E7A4F7556}") = "RoadCaptain.Runner.Tests.Unit", "test\RoadCaptain.Runner.Tests.Unit\RoadCaptain.Runner.Tests.Unit.csproj", "{B53775F8-E028-4940-9B76-0DA365681403}"
EndProject
Project("{9A19103F-16F7-4668-BE54-9A1E7A4F7556}") = "RoadCaptain.UserInterface.Shared", "src\RoadCaptain.UserInterface.Shared\RoadCaptain.UserInterface.Shared.csproj", "{440990B0-1C56-4ADF-A549-D4D435E83B08}"
EndProject
Project("{9A19103F-16F7-4668-BE54-9A1E7A4F7556}") = "RoadCaptain.WixComponentFileGenerator", "packaging\RoadCaptain.WixComponentFileGenerator\RoadCaptain.WixComponentFileGenerator.csproj", "{7FA3618C-6F84-4BA1-9FFA-7EDC96F6DF1C}"
EndProject
Project("{9A19103F-16F7-4668-BE54-9A1E7A4F7556}") = "RoadCaptain.SegmentSplitter", "src\RoadCaptain.SegmentSplitter\RoadCaptain.SegmentSplitter.csproj", "{2BDB6AFA-8544-4580-9DA7-B6C6BB0857DF}"
EndProject
Project("{9A19103F-16F7-4668-BE54-9A1E7A4F7556}") = "RoadCaptain.MarkerBuilder", "src\RoadCaptain.MarkerBuilder\RoadCaptain.MarkerBuilder.csproj", "{F8640B83-4BBB-4844-86CD-B8867C22778A}"
EndProject
Project("{9A19103F-16F7-4668-BE54-9A1E7A4F7556}") = "RoadCaptain.RouteBuilder.Tests.Unit", "test\RoadCaptain.RouteBuilder.Tests.Unit\RoadCaptain.RouteBuilder.Tests.Unit.csproj", "{A21C10E6-46A3-439C-8C80-B46F917DAD68}"
EndProject
Project("{9A19103F-16F7-4668-BE54-9A1E7A4F7556}") = "RoadCaptain.App.RouteBuilder", "src\RoadCaptain.App.RouteBuilder\RoadCaptain.App.RouteBuilder.csproj", "{AB5DB500-BE6D-4B5C-9B5A-374229055A43}"
EndProject
Project("{FAE04EC0-301F-11D3-BF4B-00C04F79EFBC}") = "RoadCaptain.App.Shared", "src\RoadCaptain.App.Shared\RoadCaptain.App.Shared.csproj", "{FF96BA9D-7A67-4C56-9FDB-A923AF235EC2}"
EndProject
Global
	GlobalSection(SolutionConfigurationPlatforms) = preSolution
		Debug|Any CPU = Debug|Any CPU
		Debug|x64 = Debug|x64
		Debug|x86 = Debug|x86
		Release|Any CPU = Release|Any CPU
		Release|x64 = Release|x64
		Release|x86 = Release|x86
		ReleaseFull|Any CPU = ReleaseFull|Any CPU
		ReleaseFull|x64 = ReleaseFull|x64
		ReleaseFull|x86 = ReleaseFull|x86
	EndGlobalSection
	GlobalSection(ProjectConfigurationPlatforms) = postSolution
		{FB00E6FE-C998-462C-AD66-D08E58477737}.Debug|Any CPU.ActiveCfg = Debug|Any CPU
		{FB00E6FE-C998-462C-AD66-D08E58477737}.Debug|Any CPU.Build.0 = Debug|Any CPU
		{FB00E6FE-C998-462C-AD66-D08E58477737}.Debug|x64.ActiveCfg = Debug|Any CPU
		{FB00E6FE-C998-462C-AD66-D08E58477737}.Debug|x64.Build.0 = Debug|Any CPU
		{FB00E6FE-C998-462C-AD66-D08E58477737}.Debug|x86.ActiveCfg = Debug|Any CPU
		{FB00E6FE-C998-462C-AD66-D08E58477737}.Debug|x86.Build.0 = Debug|Any CPU
		{FB00E6FE-C998-462C-AD66-D08E58477737}.Release|Any CPU.ActiveCfg = Release|Any CPU
		{FB00E6FE-C998-462C-AD66-D08E58477737}.Release|Any CPU.Build.0 = Release|Any CPU
		{FB00E6FE-C998-462C-AD66-D08E58477737}.Release|x64.ActiveCfg = Release|Any CPU
		{FB00E6FE-C998-462C-AD66-D08E58477737}.Release|x64.Build.0 = Release|Any CPU
		{FB00E6FE-C998-462C-AD66-D08E58477737}.Release|x86.ActiveCfg = Release|Any CPU
		{FB00E6FE-C998-462C-AD66-D08E58477737}.Release|x86.Build.0 = Release|Any CPU
		{FB00E6FE-C998-462C-AD66-D08E58477737}.ReleaseFull|Any CPU.ActiveCfg = Release|Any CPU
		{FB00E6FE-C998-462C-AD66-D08E58477737}.ReleaseFull|Any CPU.Build.0 = Release|Any CPU
		{FB00E6FE-C998-462C-AD66-D08E58477737}.ReleaseFull|x64.ActiveCfg = Release|Any CPU
		{FB00E6FE-C998-462C-AD66-D08E58477737}.ReleaseFull|x64.Build.0 = Release|Any CPU
		{FB00E6FE-C998-462C-AD66-D08E58477737}.ReleaseFull|x86.ActiveCfg = Release|Any CPU
		{FB00E6FE-C998-462C-AD66-D08E58477737}.ReleaseFull|x86.Build.0 = Release|Any CPU
		{F2BABD3D-CBC9-4DFD-BDD5-4E3E4638B76B}.Debug|Any CPU.ActiveCfg = Debug|Any CPU
		{F2BABD3D-CBC9-4DFD-BDD5-4E3E4638B76B}.Debug|Any CPU.Build.0 = Debug|Any CPU
		{F2BABD3D-CBC9-4DFD-BDD5-4E3E4638B76B}.Debug|x64.ActiveCfg = Debug|Any CPU
		{F2BABD3D-CBC9-4DFD-BDD5-4E3E4638B76B}.Debug|x64.Build.0 = Debug|Any CPU
		{F2BABD3D-CBC9-4DFD-BDD5-4E3E4638B76B}.Debug|x86.ActiveCfg = Debug|Any CPU
		{F2BABD3D-CBC9-4DFD-BDD5-4E3E4638B76B}.Debug|x86.Build.0 = Debug|Any CPU
		{F2BABD3D-CBC9-4DFD-BDD5-4E3E4638B76B}.Release|Any CPU.ActiveCfg = Release|Any CPU
		{F2BABD3D-CBC9-4DFD-BDD5-4E3E4638B76B}.Release|Any CPU.Build.0 = Release|Any CPU
		{F2BABD3D-CBC9-4DFD-BDD5-4E3E4638B76B}.Release|x64.ActiveCfg = Release|Any CPU
		{F2BABD3D-CBC9-4DFD-BDD5-4E3E4638B76B}.Release|x64.Build.0 = Release|Any CPU
		{F2BABD3D-CBC9-4DFD-BDD5-4E3E4638B76B}.Release|x86.ActiveCfg = Release|Any CPU
		{F2BABD3D-CBC9-4DFD-BDD5-4E3E4638B76B}.Release|x86.Build.0 = Release|Any CPU
		{F2BABD3D-CBC9-4DFD-BDD5-4E3E4638B76B}.ReleaseFull|Any CPU.ActiveCfg = Release|Any CPU
		{F2BABD3D-CBC9-4DFD-BDD5-4E3E4638B76B}.ReleaseFull|Any CPU.Build.0 = Release|Any CPU
		{F2BABD3D-CBC9-4DFD-BDD5-4E3E4638B76B}.ReleaseFull|x64.ActiveCfg = Release|Any CPU
		{F2BABD3D-CBC9-4DFD-BDD5-4E3E4638B76B}.ReleaseFull|x64.Build.0 = Release|Any CPU
		{F2BABD3D-CBC9-4DFD-BDD5-4E3E4638B76B}.ReleaseFull|x86.ActiveCfg = Release|Any CPU
		{F2BABD3D-CBC9-4DFD-BDD5-4E3E4638B76B}.ReleaseFull|x86.Build.0 = Release|Any CPU
		{1AB4A083-6DAA-4CE4-B0E0-03C5B1636EB4}.Debug|Any CPU.ActiveCfg = Debug|Any CPU
		{1AB4A083-6DAA-4CE4-B0E0-03C5B1636EB4}.Debug|Any CPU.Build.0 = Debug|Any CPU
		{1AB4A083-6DAA-4CE4-B0E0-03C5B1636EB4}.Debug|x64.ActiveCfg = Debug|Any CPU
		{1AB4A083-6DAA-4CE4-B0E0-03C5B1636EB4}.Debug|x64.Build.0 = Debug|Any CPU
		{1AB4A083-6DAA-4CE4-B0E0-03C5B1636EB4}.Debug|x86.ActiveCfg = Debug|Any CPU
		{1AB4A083-6DAA-4CE4-B0E0-03C5B1636EB4}.Debug|x86.Build.0 = Debug|Any CPU
		{1AB4A083-6DAA-4CE4-B0E0-03C5B1636EB4}.Release|Any CPU.ActiveCfg = Release|Any CPU
		{1AB4A083-6DAA-4CE4-B0E0-03C5B1636EB4}.Release|Any CPU.Build.0 = Release|Any CPU
		{1AB4A083-6DAA-4CE4-B0E0-03C5B1636EB4}.Release|x64.ActiveCfg = Release|Any CPU
		{1AB4A083-6DAA-4CE4-B0E0-03C5B1636EB4}.Release|x64.Build.0 = Release|Any CPU
		{1AB4A083-6DAA-4CE4-B0E0-03C5B1636EB4}.Release|x86.ActiveCfg = Release|Any CPU
		{1AB4A083-6DAA-4CE4-B0E0-03C5B1636EB4}.Release|x86.Build.0 = Release|Any CPU
		{1AB4A083-6DAA-4CE4-B0E0-03C5B1636EB4}.ReleaseFull|Any CPU.ActiveCfg = Release|Any CPU
		{1AB4A083-6DAA-4CE4-B0E0-03C5B1636EB4}.ReleaseFull|Any CPU.Build.0 = Release|Any CPU
		{1AB4A083-6DAA-4CE4-B0E0-03C5B1636EB4}.ReleaseFull|x64.ActiveCfg = Release|Any CPU
		{1AB4A083-6DAA-4CE4-B0E0-03C5B1636EB4}.ReleaseFull|x64.Build.0 = Release|Any CPU
		{1AB4A083-6DAA-4CE4-B0E0-03C5B1636EB4}.ReleaseFull|x86.ActiveCfg = Release|Any CPU
		{1AB4A083-6DAA-4CE4-B0E0-03C5B1636EB4}.ReleaseFull|x86.Build.0 = Release|Any CPU
		{2E2ECA2F-F51E-468E-A92D-20F82660E0E1}.Debug|Any CPU.ActiveCfg = Debug|Any CPU
		{2E2ECA2F-F51E-468E-A92D-20F82660E0E1}.Debug|Any CPU.Build.0 = Debug|Any CPU
		{2E2ECA2F-F51E-468E-A92D-20F82660E0E1}.Debug|x64.ActiveCfg = Debug|Any CPU
		{2E2ECA2F-F51E-468E-A92D-20F82660E0E1}.Debug|x64.Build.0 = Debug|Any CPU
		{2E2ECA2F-F51E-468E-A92D-20F82660E0E1}.Debug|x86.ActiveCfg = Debug|Any CPU
		{2E2ECA2F-F51E-468E-A92D-20F82660E0E1}.Debug|x86.Build.0 = Debug|Any CPU
		{2E2ECA2F-F51E-468E-A92D-20F82660E0E1}.Release|Any CPU.ActiveCfg = Release|Any CPU
		{2E2ECA2F-F51E-468E-A92D-20F82660E0E1}.Release|Any CPU.Build.0 = Release|Any CPU
		{2E2ECA2F-F51E-468E-A92D-20F82660E0E1}.Release|x64.ActiveCfg = Release|Any CPU
		{2E2ECA2F-F51E-468E-A92D-20F82660E0E1}.Release|x64.Build.0 = Release|Any CPU
		{2E2ECA2F-F51E-468E-A92D-20F82660E0E1}.Release|x86.ActiveCfg = Release|Any CPU
		{2E2ECA2F-F51E-468E-A92D-20F82660E0E1}.Release|x86.Build.0 = Release|Any CPU
		{2E2ECA2F-F51E-468E-A92D-20F82660E0E1}.ReleaseFull|Any CPU.ActiveCfg = Release|Any CPU
		{2E2ECA2F-F51E-468E-A92D-20F82660E0E1}.ReleaseFull|Any CPU.Build.0 = Release|Any CPU
		{2E2ECA2F-F51E-468E-A92D-20F82660E0E1}.ReleaseFull|x64.ActiveCfg = Release|Any CPU
		{2E2ECA2F-F51E-468E-A92D-20F82660E0E1}.ReleaseFull|x64.Build.0 = Release|Any CPU
		{2E2ECA2F-F51E-468E-A92D-20F82660E0E1}.ReleaseFull|x86.ActiveCfg = Release|Any CPU
		{2E2ECA2F-F51E-468E-A92D-20F82660E0E1}.ReleaseFull|x86.Build.0 = Release|Any CPU
		{D320E3EB-6D78-4F99-A038-68804BDBCD4E}.Debug|Any CPU.ActiveCfg = Debug|Any CPU
		{D320E3EB-6D78-4F99-A038-68804BDBCD4E}.Debug|Any CPU.Build.0 = Debug|Any CPU
		{D320E3EB-6D78-4F99-A038-68804BDBCD4E}.Debug|x64.ActiveCfg = Debug|Any CPU
		{D320E3EB-6D78-4F99-A038-68804BDBCD4E}.Debug|x64.Build.0 = Debug|Any CPU
		{D320E3EB-6D78-4F99-A038-68804BDBCD4E}.Debug|x86.ActiveCfg = Debug|Any CPU
		{D320E3EB-6D78-4F99-A038-68804BDBCD4E}.Debug|x86.Build.0 = Debug|Any CPU
		{D320E3EB-6D78-4F99-A038-68804BDBCD4E}.Release|Any CPU.ActiveCfg = Release|Any CPU
		{D320E3EB-6D78-4F99-A038-68804BDBCD4E}.Release|Any CPU.Build.0 = Release|Any CPU
		{D320E3EB-6D78-4F99-A038-68804BDBCD4E}.Release|x64.ActiveCfg = Release|Any CPU
		{D320E3EB-6D78-4F99-A038-68804BDBCD4E}.Release|x64.Build.0 = Release|Any CPU
		{D320E3EB-6D78-4F99-A038-68804BDBCD4E}.Release|x86.ActiveCfg = Release|Any CPU
		{D320E3EB-6D78-4F99-A038-68804BDBCD4E}.Release|x86.Build.0 = Release|Any CPU
		{D320E3EB-6D78-4F99-A038-68804BDBCD4E}.ReleaseFull|Any CPU.ActiveCfg = Release|Any CPU
		{D320E3EB-6D78-4F99-A038-68804BDBCD4E}.ReleaseFull|Any CPU.Build.0 = Release|Any CPU
		{D320E3EB-6D78-4F99-A038-68804BDBCD4E}.ReleaseFull|x64.ActiveCfg = Release|Any CPU
		{D320E3EB-6D78-4F99-A038-68804BDBCD4E}.ReleaseFull|x64.Build.0 = Release|Any CPU
		{D320E3EB-6D78-4F99-A038-68804BDBCD4E}.ReleaseFull|x86.ActiveCfg = Release|Any CPU
		{D320E3EB-6D78-4F99-A038-68804BDBCD4E}.ReleaseFull|x86.Build.0 = Release|Any CPU
		{A53B6A87-4058-4392-8F37-02C7B896ACE8}.Debug|Any CPU.ActiveCfg = Debug|Any CPU
		{A53B6A87-4058-4392-8F37-02C7B896ACE8}.Debug|Any CPU.Build.0 = Debug|Any CPU
		{A53B6A87-4058-4392-8F37-02C7B896ACE8}.Debug|x64.ActiveCfg = Debug|Any CPU
		{A53B6A87-4058-4392-8F37-02C7B896ACE8}.Debug|x64.Build.0 = Debug|Any CPU
		{A53B6A87-4058-4392-8F37-02C7B896ACE8}.Debug|x86.ActiveCfg = Debug|Any CPU
		{A53B6A87-4058-4392-8F37-02C7B896ACE8}.Debug|x86.Build.0 = Debug|Any CPU
		{A53B6A87-4058-4392-8F37-02C7B896ACE8}.Release|Any CPU.ActiveCfg = Release|Any CPU
		{A53B6A87-4058-4392-8F37-02C7B896ACE8}.Release|Any CPU.Build.0 = Release|Any CPU
		{A53B6A87-4058-4392-8F37-02C7B896ACE8}.Release|x64.ActiveCfg = Release|Any CPU
		{A53B6A87-4058-4392-8F37-02C7B896ACE8}.Release|x64.Build.0 = Release|Any CPU
		{A53B6A87-4058-4392-8F37-02C7B896ACE8}.Release|x86.ActiveCfg = Release|Any CPU
		{A53B6A87-4058-4392-8F37-02C7B896ACE8}.Release|x86.Build.0 = Release|Any CPU
		{A53B6A87-4058-4392-8F37-02C7B896ACE8}.ReleaseFull|Any CPU.ActiveCfg = Release|Any CPU
		{A53B6A87-4058-4392-8F37-02C7B896ACE8}.ReleaseFull|Any CPU.Build.0 = Release|Any CPU
		{A53B6A87-4058-4392-8F37-02C7B896ACE8}.ReleaseFull|x64.ActiveCfg = Release|Any CPU
		{A53B6A87-4058-4392-8F37-02C7B896ACE8}.ReleaseFull|x64.Build.0 = Release|Any CPU
		{A53B6A87-4058-4392-8F37-02C7B896ACE8}.ReleaseFull|x86.ActiveCfg = Release|Any CPU
		{A53B6A87-4058-4392-8F37-02C7B896ACE8}.ReleaseFull|x86.Build.0 = Release|Any CPU
		{946F1BD8-59D6-4F2B-B056-DC9270F29870}.Debug|Any CPU.ActiveCfg = Debug|Any CPU
		{946F1BD8-59D6-4F2B-B056-DC9270F29870}.Debug|Any CPU.Build.0 = Debug|Any CPU
		{946F1BD8-59D6-4F2B-B056-DC9270F29870}.Debug|x64.ActiveCfg = Debug|Any CPU
		{946F1BD8-59D6-4F2B-B056-DC9270F29870}.Debug|x64.Build.0 = Debug|Any CPU
		{946F1BD8-59D6-4F2B-B056-DC9270F29870}.Debug|x86.ActiveCfg = Debug|Any CPU
		{946F1BD8-59D6-4F2B-B056-DC9270F29870}.Debug|x86.Build.0 = Debug|Any CPU
		{946F1BD8-59D6-4F2B-B056-DC9270F29870}.Release|Any CPU.ActiveCfg = Release|Any CPU
		{946F1BD8-59D6-4F2B-B056-DC9270F29870}.Release|Any CPU.Build.0 = Release|Any CPU
		{946F1BD8-59D6-4F2B-B056-DC9270F29870}.Release|x64.ActiveCfg = Release|Any CPU
		{946F1BD8-59D6-4F2B-B056-DC9270F29870}.Release|x64.Build.0 = Release|Any CPU
		{946F1BD8-59D6-4F2B-B056-DC9270F29870}.Release|x86.ActiveCfg = Release|Any CPU
		{946F1BD8-59D6-4F2B-B056-DC9270F29870}.Release|x86.Build.0 = Release|Any CPU
		{946F1BD8-59D6-4F2B-B056-DC9270F29870}.ReleaseFull|Any CPU.ActiveCfg = Release|Any CPU
		{946F1BD8-59D6-4F2B-B056-DC9270F29870}.ReleaseFull|Any CPU.Build.0 = Release|Any CPU
		{946F1BD8-59D6-4F2B-B056-DC9270F29870}.ReleaseFull|x64.ActiveCfg = Release|Any CPU
		{946F1BD8-59D6-4F2B-B056-DC9270F29870}.ReleaseFull|x64.Build.0 = Release|Any CPU
		{946F1BD8-59D6-4F2B-B056-DC9270F29870}.ReleaseFull|x86.ActiveCfg = Release|Any CPU
		{946F1BD8-59D6-4F2B-B056-DC9270F29870}.ReleaseFull|x86.Build.0 = Release|Any CPU
		{7AFB461E-C812-4F42-80C9-E7B61B7221BC}.Debug|Any CPU.ActiveCfg = Debug|x86
		{7AFB461E-C812-4F42-80C9-E7B61B7221BC}.Debug|x64.ActiveCfg = Debug|x86
		{7AFB461E-C812-4F42-80C9-E7B61B7221BC}.Debug|x86.ActiveCfg = Debug|x86
		{7AFB461E-C812-4F42-80C9-E7B61B7221BC}.Debug|x86.Build.0 = Debug|x86
		{7AFB461E-C812-4F42-80C9-E7B61B7221BC}.Release|Any CPU.ActiveCfg = Release|x86
		{7AFB461E-C812-4F42-80C9-E7B61B7221BC}.Release|x64.ActiveCfg = Release|x86
		{7AFB461E-C812-4F42-80C9-E7B61B7221BC}.Release|x86.ActiveCfg = Release|x86
		{7AFB461E-C812-4F42-80C9-E7B61B7221BC}.Release|x86.Build.0 = Release|x86
		{7AFB461E-C812-4F42-80C9-E7B61B7221BC}.ReleaseFull|Any CPU.ActiveCfg = Release|x86
		{7AFB461E-C812-4F42-80C9-E7B61B7221BC}.ReleaseFull|Any CPU.Build.0 = Release|x86
		{7AFB461E-C812-4F42-80C9-E7B61B7221BC}.ReleaseFull|x64.ActiveCfg = Release|x86
		{7AFB461E-C812-4F42-80C9-E7B61B7221BC}.ReleaseFull|x86.ActiveCfg = Release|x86
		{7AFB461E-C812-4F42-80C9-E7B61B7221BC}.ReleaseFull|x86.Build.0 = Release|x86
		{B53775F8-E028-4940-9B76-0DA365681403}.Debug|Any CPU.ActiveCfg = Debug|Any CPU
		{B53775F8-E028-4940-9B76-0DA365681403}.Debug|Any CPU.Build.0 = Debug|Any CPU
		{B53775F8-E028-4940-9B76-0DA365681403}.Debug|x64.ActiveCfg = Debug|Any CPU
		{B53775F8-E028-4940-9B76-0DA365681403}.Debug|x64.Build.0 = Debug|Any CPU
		{B53775F8-E028-4940-9B76-0DA365681403}.Debug|x86.ActiveCfg = Debug|Any CPU
		{B53775F8-E028-4940-9B76-0DA365681403}.Debug|x86.Build.0 = Debug|Any CPU
		{B53775F8-E028-4940-9B76-0DA365681403}.Release|Any CPU.ActiveCfg = Release|Any CPU
		{B53775F8-E028-4940-9B76-0DA365681403}.Release|Any CPU.Build.0 = Release|Any CPU
		{B53775F8-E028-4940-9B76-0DA365681403}.Release|x64.ActiveCfg = Release|Any CPU
		{B53775F8-E028-4940-9B76-0DA365681403}.Release|x64.Build.0 = Release|Any CPU
		{B53775F8-E028-4940-9B76-0DA365681403}.Release|x86.ActiveCfg = Release|Any CPU
		{B53775F8-E028-4940-9B76-0DA365681403}.Release|x86.Build.0 = Release|Any CPU
		{B53775F8-E028-4940-9B76-0DA365681403}.ReleaseFull|Any CPU.ActiveCfg = Release|Any CPU
		{B53775F8-E028-4940-9B76-0DA365681403}.ReleaseFull|Any CPU.Build.0 = Release|Any CPU
		{B53775F8-E028-4940-9B76-0DA365681403}.ReleaseFull|x64.ActiveCfg = Release|Any CPU
		{B53775F8-E028-4940-9B76-0DA365681403}.ReleaseFull|x64.Build.0 = Release|Any CPU
		{B53775F8-E028-4940-9B76-0DA365681403}.ReleaseFull|x86.ActiveCfg = Release|Any CPU
		{B53775F8-E028-4940-9B76-0DA365681403}.ReleaseFull|x86.Build.0 = Release|Any CPU
		{440990B0-1C56-4ADF-A549-D4D435E83B08}.Debug|Any CPU.ActiveCfg = Debug|Any CPU
		{440990B0-1C56-4ADF-A549-D4D435E83B08}.Debug|Any CPU.Build.0 = Debug|Any CPU
		{440990B0-1C56-4ADF-A549-D4D435E83B08}.Debug|x64.ActiveCfg = Debug|Any CPU
		{440990B0-1C56-4ADF-A549-D4D435E83B08}.Debug|x64.Build.0 = Debug|Any CPU
		{440990B0-1C56-4ADF-A549-D4D435E83B08}.Debug|x86.ActiveCfg = Debug|Any CPU
		{440990B0-1C56-4ADF-A549-D4D435E83B08}.Debug|x86.Build.0 = Debug|Any CPU
		{440990B0-1C56-4ADF-A549-D4D435E83B08}.Release|Any CPU.ActiveCfg = Release|Any CPU
		{440990B0-1C56-4ADF-A549-D4D435E83B08}.Release|Any CPU.Build.0 = Release|Any CPU
		{440990B0-1C56-4ADF-A549-D4D435E83B08}.Release|x64.ActiveCfg = Release|Any CPU
		{440990B0-1C56-4ADF-A549-D4D435E83B08}.Release|x64.Build.0 = Release|Any CPU
		{440990B0-1C56-4ADF-A549-D4D435E83B08}.Release|x86.ActiveCfg = Release|Any CPU
		{440990B0-1C56-4ADF-A549-D4D435E83B08}.Release|x86.Build.0 = Release|Any CPU
		{440990B0-1C56-4ADF-A549-D4D435E83B08}.ReleaseFull|Any CPU.ActiveCfg = Release|Any CPU
		{440990B0-1C56-4ADF-A549-D4D435E83B08}.ReleaseFull|Any CPU.Build.0 = Release|Any CPU
		{440990B0-1C56-4ADF-A549-D4D435E83B08}.ReleaseFull|x64.ActiveCfg = Release|Any CPU
		{440990B0-1C56-4ADF-A549-D4D435E83B08}.ReleaseFull|x64.Build.0 = Release|Any CPU
		{440990B0-1C56-4ADF-A549-D4D435E83B08}.ReleaseFull|x86.ActiveCfg = Release|Any CPU
		{440990B0-1C56-4ADF-A549-D4D435E83B08}.ReleaseFull|x86.Build.0 = Release|Any CPU
		{7FA3618C-6F84-4BA1-9FFA-7EDC96F6DF1C}.Debug|Any CPU.ActiveCfg = Debug|Any CPU
		{7FA3618C-6F84-4BA1-9FFA-7EDC96F6DF1C}.Debug|Any CPU.Build.0 = Debug|Any CPU
		{7FA3618C-6F84-4BA1-9FFA-7EDC96F6DF1C}.Debug|x64.ActiveCfg = Debug|Any CPU
		{7FA3618C-6F84-4BA1-9FFA-7EDC96F6DF1C}.Debug|x64.Build.0 = Debug|Any CPU
		{7FA3618C-6F84-4BA1-9FFA-7EDC96F6DF1C}.Debug|x86.ActiveCfg = Debug|Any CPU
		{7FA3618C-6F84-4BA1-9FFA-7EDC96F6DF1C}.Debug|x86.Build.0 = Debug|Any CPU
		{7FA3618C-6F84-4BA1-9FFA-7EDC96F6DF1C}.Release|Any CPU.ActiveCfg = Release|Any CPU
		{7FA3618C-6F84-4BA1-9FFA-7EDC96F6DF1C}.Release|Any CPU.Build.0 = Release|Any CPU
		{7FA3618C-6F84-4BA1-9FFA-7EDC96F6DF1C}.Release|x64.ActiveCfg = Release|Any CPU
		{7FA3618C-6F84-4BA1-9FFA-7EDC96F6DF1C}.Release|x64.Build.0 = Release|Any CPU
		{7FA3618C-6F84-4BA1-9FFA-7EDC96F6DF1C}.Release|x86.ActiveCfg = Release|Any CPU
		{7FA3618C-6F84-4BA1-9FFA-7EDC96F6DF1C}.Release|x86.Build.0 = Release|Any CPU
		{7FA3618C-6F84-4BA1-9FFA-7EDC96F6DF1C}.ReleaseFull|Any CPU.ActiveCfg = Release|Any CPU
		{7FA3618C-6F84-4BA1-9FFA-7EDC96F6DF1C}.ReleaseFull|Any CPU.Build.0 = Release|Any CPU
		{7FA3618C-6F84-4BA1-9FFA-7EDC96F6DF1C}.ReleaseFull|x64.ActiveCfg = Release|Any CPU
		{7FA3618C-6F84-4BA1-9FFA-7EDC96F6DF1C}.ReleaseFull|x64.Build.0 = Release|Any CPU
		{7FA3618C-6F84-4BA1-9FFA-7EDC96F6DF1C}.ReleaseFull|x86.ActiveCfg = Release|Any CPU
		{7FA3618C-6F84-4BA1-9FFA-7EDC96F6DF1C}.ReleaseFull|x86.Build.0 = Release|Any CPU
		{2BDB6AFA-8544-4580-9DA7-B6C6BB0857DF}.Debug|Any CPU.ActiveCfg = Debug|Any CPU
		{2BDB6AFA-8544-4580-9DA7-B6C6BB0857DF}.Debug|Any CPU.Build.0 = Debug|Any CPU
		{2BDB6AFA-8544-4580-9DA7-B6C6BB0857DF}.Debug|x64.ActiveCfg = Debug|Any CPU
		{2BDB6AFA-8544-4580-9DA7-B6C6BB0857DF}.Debug|x64.Build.0 = Debug|Any CPU
		{2BDB6AFA-8544-4580-9DA7-B6C6BB0857DF}.Debug|x86.ActiveCfg = Debug|Any CPU
		{2BDB6AFA-8544-4580-9DA7-B6C6BB0857DF}.Debug|x86.Build.0 = Debug|Any CPU
		{2BDB6AFA-8544-4580-9DA7-B6C6BB0857DF}.Release|Any CPU.ActiveCfg = Release|Any CPU
		{2BDB6AFA-8544-4580-9DA7-B6C6BB0857DF}.Release|Any CPU.Build.0 = Release|Any CPU
		{2BDB6AFA-8544-4580-9DA7-B6C6BB0857DF}.Release|x64.ActiveCfg = Release|Any CPU
		{2BDB6AFA-8544-4580-9DA7-B6C6BB0857DF}.Release|x64.Build.0 = Release|Any CPU
		{2BDB6AFA-8544-4580-9DA7-B6C6BB0857DF}.Release|x86.ActiveCfg = Release|Any CPU
		{2BDB6AFA-8544-4580-9DA7-B6C6BB0857DF}.Release|x86.Build.0 = Release|Any CPU
		{2BDB6AFA-8544-4580-9DA7-B6C6BB0857DF}.ReleaseFull|Any CPU.ActiveCfg = Release|Any CPU
		{2BDB6AFA-8544-4580-9DA7-B6C6BB0857DF}.ReleaseFull|Any CPU.Build.0 = Release|Any CPU
		{2BDB6AFA-8544-4580-9DA7-B6C6BB0857DF}.ReleaseFull|x64.ActiveCfg = Release|Any CPU
		{2BDB6AFA-8544-4580-9DA7-B6C6BB0857DF}.ReleaseFull|x64.Build.0 = Release|Any CPU
		{2BDB6AFA-8544-4580-9DA7-B6C6BB0857DF}.ReleaseFull|x86.ActiveCfg = Release|Any CPU
		{2BDB6AFA-8544-4580-9DA7-B6C6BB0857DF}.ReleaseFull|x86.Build.0 = Release|Any CPU
		{F8640B83-4BBB-4844-86CD-B8867C22778A}.Debug|Any CPU.ActiveCfg = Debug|Any CPU
		{F8640B83-4BBB-4844-86CD-B8867C22778A}.Debug|Any CPU.Build.0 = Debug|Any CPU
		{F8640B83-4BBB-4844-86CD-B8867C22778A}.Debug|x64.ActiveCfg = Debug|Any CPU
		{F8640B83-4BBB-4844-86CD-B8867C22778A}.Debug|x64.Build.0 = Debug|Any CPU
		{F8640B83-4BBB-4844-86CD-B8867C22778A}.Debug|x86.ActiveCfg = Debug|Any CPU
		{F8640B83-4BBB-4844-86CD-B8867C22778A}.Debug|x86.Build.0 = Debug|Any CPU
		{F8640B83-4BBB-4844-86CD-B8867C22778A}.Release|Any CPU.ActiveCfg = Release|Any CPU
		{F8640B83-4BBB-4844-86CD-B8867C22778A}.Release|Any CPU.Build.0 = Release|Any CPU
		{F8640B83-4BBB-4844-86CD-B8867C22778A}.Release|x64.ActiveCfg = Release|Any CPU
		{F8640B83-4BBB-4844-86CD-B8867C22778A}.Release|x64.Build.0 = Release|Any CPU
		{F8640B83-4BBB-4844-86CD-B8867C22778A}.Release|x86.ActiveCfg = Release|Any CPU
		{F8640B83-4BBB-4844-86CD-B8867C22778A}.Release|x86.Build.0 = Release|Any CPU
		{F8640B83-4BBB-4844-86CD-B8867C22778A}.ReleaseFull|Any CPU.ActiveCfg = Release|Any CPU
		{F8640B83-4BBB-4844-86CD-B8867C22778A}.ReleaseFull|Any CPU.Build.0 = Release|Any CPU
		{F8640B83-4BBB-4844-86CD-B8867C22778A}.ReleaseFull|x64.ActiveCfg = Release|Any CPU
		{F8640B83-4BBB-4844-86CD-B8867C22778A}.ReleaseFull|x64.Build.0 = Release|Any CPU
		{F8640B83-4BBB-4844-86CD-B8867C22778A}.ReleaseFull|x86.ActiveCfg = Release|Any CPU
		{F8640B83-4BBB-4844-86CD-B8867C22778A}.ReleaseFull|x86.Build.0 = Release|Any CPU
		{A21C10E6-46A3-439C-8C80-B46F917DAD68}.Debug|Any CPU.ActiveCfg = Debug|Any CPU
		{A21C10E6-46A3-439C-8C80-B46F917DAD68}.Debug|Any CPU.Build.0 = Debug|Any CPU
		{A21C10E6-46A3-439C-8C80-B46F917DAD68}.Debug|x64.ActiveCfg = Debug|Any CPU
		{A21C10E6-46A3-439C-8C80-B46F917DAD68}.Debug|x64.Build.0 = Debug|Any CPU
		{A21C10E6-46A3-439C-8C80-B46F917DAD68}.Debug|x86.ActiveCfg = Debug|Any CPU
		{A21C10E6-46A3-439C-8C80-B46F917DAD68}.Debug|x86.Build.0 = Debug|Any CPU
		{A21C10E6-46A3-439C-8C80-B46F917DAD68}.Release|Any CPU.ActiveCfg = Release|Any CPU
		{A21C10E6-46A3-439C-8C80-B46F917DAD68}.Release|Any CPU.Build.0 = Release|Any CPU
		{A21C10E6-46A3-439C-8C80-B46F917DAD68}.Release|x64.ActiveCfg = Release|Any CPU
		{A21C10E6-46A3-439C-8C80-B46F917DAD68}.Release|x64.Build.0 = Release|Any CPU
		{A21C10E6-46A3-439C-8C80-B46F917DAD68}.Release|x86.ActiveCfg = Release|Any CPU
		{A21C10E6-46A3-439C-8C80-B46F917DAD68}.Release|x86.Build.0 = Release|Any CPU
		{A21C10E6-46A3-439C-8C80-B46F917DAD68}.ReleaseFull|Any CPU.ActiveCfg = Release|Any CPU
		{A21C10E6-46A3-439C-8C80-B46F917DAD68}.ReleaseFull|Any CPU.Build.0 = Release|Any CPU
		{A21C10E6-46A3-439C-8C80-B46F917DAD68}.ReleaseFull|x64.ActiveCfg = Release|Any CPU
		{A21C10E6-46A3-439C-8C80-B46F917DAD68}.ReleaseFull|x64.Build.0 = Release|Any CPU
		{A21C10E6-46A3-439C-8C80-B46F917DAD68}.ReleaseFull|x86.ActiveCfg = Release|Any CPU
		{A21C10E6-46A3-439C-8C80-B46F917DAD68}.ReleaseFull|x86.Build.0 = Release|Any CPU
		{AB5DB500-BE6D-4B5C-9B5A-374229055A43}.Debug|Any CPU.ActiveCfg = Debug|Any CPU
		{AB5DB500-BE6D-4B5C-9B5A-374229055A43}.Debug|Any CPU.Build.0 = Debug|Any CPU
		{AB5DB500-BE6D-4B5C-9B5A-374229055A43}.Debug|x64.ActiveCfg = Debug|Any CPU
		{AB5DB500-BE6D-4B5C-9B5A-374229055A43}.Debug|x64.Build.0 = Debug|Any CPU
		{AB5DB500-BE6D-4B5C-9B5A-374229055A43}.Debug|x86.ActiveCfg = Debug|Any CPU
		{AB5DB500-BE6D-4B5C-9B5A-374229055A43}.Debug|x86.Build.0 = Debug|Any CPU
		{AB5DB500-BE6D-4B5C-9B5A-374229055A43}.Release|Any CPU.ActiveCfg = Release|Any CPU
		{AB5DB500-BE6D-4B5C-9B5A-374229055A43}.Release|Any CPU.Build.0 = Release|Any CPU
		{AB5DB500-BE6D-4B5C-9B5A-374229055A43}.Release|x64.ActiveCfg = Release|Any CPU
		{AB5DB500-BE6D-4B5C-9B5A-374229055A43}.Release|x64.Build.0 = Release|Any CPU
		{AB5DB500-BE6D-4B5C-9B5A-374229055A43}.Release|x86.ActiveCfg = Release|Any CPU
		{AB5DB500-BE6D-4B5C-9B5A-374229055A43}.Release|x86.Build.0 = Release|Any CPU
		{AB5DB500-BE6D-4B5C-9B5A-374229055A43}.ReleaseFull|Any CPU.ActiveCfg = Release|Any CPU
		{AB5DB500-BE6D-4B5C-9B5A-374229055A43}.ReleaseFull|Any CPU.Build.0 = Release|Any CPU
		{AB5DB500-BE6D-4B5C-9B5A-374229055A43}.ReleaseFull|x64.ActiveCfg = Release|Any CPU
		{AB5DB500-BE6D-4B5C-9B5A-374229055A43}.ReleaseFull|x64.Build.0 = Release|Any CPU
		{AB5DB500-BE6D-4B5C-9B5A-374229055A43}.ReleaseFull|x86.ActiveCfg = Release|Any CPU
		{AB5DB500-BE6D-4B5C-9B5A-374229055A43}.ReleaseFull|x86.Build.0 = Release|Any CPU
		{FF96BA9D-7A67-4C56-9FDB-A923AF235EC2}.Debug|Any CPU.ActiveCfg = Debug|Any CPU
		{FF96BA9D-7A67-4C56-9FDB-A923AF235EC2}.Debug|Any CPU.Build.0 = Debug|Any CPU
		{FF96BA9D-7A67-4C56-9FDB-A923AF235EC2}.Debug|x64.ActiveCfg = Debug|Any CPU
		{FF96BA9D-7A67-4C56-9FDB-A923AF235EC2}.Debug|x64.Build.0 = Debug|Any CPU
		{FF96BA9D-7A67-4C56-9FDB-A923AF235EC2}.Debug|x86.ActiveCfg = Debug|Any CPU
		{FF96BA9D-7A67-4C56-9FDB-A923AF235EC2}.Debug|x86.Build.0 = Debug|Any CPU
		{FF96BA9D-7A67-4C56-9FDB-A923AF235EC2}.Release|Any CPU.ActiveCfg = Release|Any CPU
		{FF96BA9D-7A67-4C56-9FDB-A923AF235EC2}.Release|Any CPU.Build.0 = Release|Any CPU
		{FF96BA9D-7A67-4C56-9FDB-A923AF235EC2}.Release|x64.ActiveCfg = Release|Any CPU
		{FF96BA9D-7A67-4C56-9FDB-A923AF235EC2}.Release|x64.Build.0 = Release|Any CPU
		{FF96BA9D-7A67-4C56-9FDB-A923AF235EC2}.Release|x86.ActiveCfg = Release|Any CPU
		{FF96BA9D-7A67-4C56-9FDB-A923AF235EC2}.Release|x86.Build.0 = Release|Any CPU
		{FF96BA9D-7A67-4C56-9FDB-A923AF235EC2}.ReleaseFull|Any CPU.ActiveCfg = Release|Any CPU
		{FF96BA9D-7A67-4C56-9FDB-A923AF235EC2}.ReleaseFull|Any CPU.Build.0 = Release|Any CPU
		{FF96BA9D-7A67-4C56-9FDB-A923AF235EC2}.ReleaseFull|x64.ActiveCfg = Release|Any CPU
		{FF96BA9D-7A67-4C56-9FDB-A923AF235EC2}.ReleaseFull|x64.Build.0 = Release|Any CPU
		{FF96BA9D-7A67-4C56-9FDB-A923AF235EC2}.ReleaseFull|x86.ActiveCfg = Release|Any CPU
		{FF96BA9D-7A67-4C56-9FDB-A923AF235EC2}.ReleaseFull|x86.Build.0 = Release|Any CPU
	EndGlobalSection
	GlobalSection(SolutionProperties) = preSolution
		HideSolutionNode = FALSE
	EndGlobalSection
	GlobalSection(NestedProjects) = preSolution
		{FB00E6FE-C998-462C-AD66-D08E58477737} = {BEA7E74A-4BB1-47E5-864C-8F017CD224BB}
		{F2BABD3D-CBC9-4DFD-BDD5-4E3E4638B76B} = {BEA7E74A-4BB1-47E5-864C-8F017CD224BB}
		{1AB4A083-6DAA-4CE4-B0E0-03C5B1636EB4} = {E3C458CE-58E7-4E56-BC08-A5AA17B898B1}
		{2E2ECA2F-F51E-468E-A92D-20F82660E0E1} = {BEA7E74A-4BB1-47E5-864C-8F017CD224BB}
		{D320E3EB-6D78-4F99-A038-68804BDBCD4E} = {BEA7E74A-4BB1-47E5-864C-8F017CD224BB}
		{A53B6A87-4058-4392-8F37-02C7B896ACE8} = {BEA7E74A-4BB1-47E5-864C-8F017CD224BB}
		{946F1BD8-59D6-4F2B-B056-DC9270F29870} = {BEA7E74A-4BB1-47E5-864C-8F017CD224BB}
		{7AFB461E-C812-4F42-80C9-E7B61B7221BC} = {32960635-C826-4DFF-A9E0-8AFAE47DEC90}
		{B53775F8-E028-4940-9B76-0DA365681403} = {E3C458CE-58E7-4E56-BC08-A5AA17B898B1}
		{440990B0-1C56-4ADF-A549-D4D435E83B08} = {BEA7E74A-4BB1-47E5-864C-8F017CD224BB}
		{7FA3618C-6F84-4BA1-9FFA-7EDC96F6DF1C} = {32960635-C826-4DFF-A9E0-8AFAE47DEC90}
		{2BDB6AFA-8544-4580-9DA7-B6C6BB0857DF} = {BEA7E74A-4BB1-47E5-864C-8F017CD224BB}
		{F8640B83-4BBB-4844-86CD-B8867C22778A} = {BEA7E74A-4BB1-47E5-864C-8F017CD224BB}
		{A21C10E6-46A3-439C-8C80-B46F917DAD68} = {E3C458CE-58E7-4E56-BC08-A5AA17B898B1}
		{AB5DB500-BE6D-4B5C-9B5A-374229055A43} = {BEA7E74A-4BB1-47E5-864C-8F017CD224BB}
		{FF96BA9D-7A67-4C56-9FDB-A923AF235EC2} = {BEA7E74A-4BB1-47E5-864C-8F017CD224BB}
	EndGlobalSection
	GlobalSection(ExtensibilityGlobals) = postSolution
		SolutionGuid = {EFDBED01-0D64-4ACF-89AA-107DDFD90387}
	EndGlobalSection
EndGlobal
