
Microsoft Visual Studio Solution File, Format Version 12.00
# Visual Studio Version 17
VisualStudioVersion = 17.1.32407.343
MinimumVisualStudioVersion = 10.0.40219.1
Project("{2150E333-8FDC-42A3-9474-1A3956D46DE8}") = "Solution Items", "Solution Items", "{0408CC06-0F00-4C4D-A341-ACB26E2809A2}"
	ProjectSection(SolutionItems) = preProject
		Architecture.md = Architecture.md
		Changelog.md = Changelog.md
		Directory.Build.props = Directory.Build.props
		icon.png = icon.png
		LICENSE = LICENSE
		logo.svg = logo.svg
		NOTICES = NOTICES
		README.md = README.md
	EndProjectSection
EndProject
Project("{2150E333-8FDC-42A3-9474-1A3956D46DE8}") = "src", "src", "{BEA7E74A-4BB1-47E5-864C-8F017CD224BB}"
EndProject
Project("{2150E333-8FDC-42A3-9474-1A3956D46DE8}") = "test", "test", "{E3C458CE-58E7-4E56-BC08-A5AA17B898B1}"
EndProject
Project("{9A19103F-16F7-4668-BE54-9A1E7A4F7556}") = "RoadCaptain", "src\RoadCaptain\RoadCaptain.csproj", "{FB00E6FE-C998-462C-AD66-D08E58477737}"
EndProject
Project("{9A19103F-16F7-4668-BE54-9A1E7A4F7556}") = "RoadCaptain.Tests.Unit", "test\RoadCaptain.Tests.Unit\RoadCaptain.Tests.Unit.csproj", "{1AB4A083-6DAA-4CE4-B0E0-03C5B1636EB4}"
EndProject
Project("{9A19103F-16F7-4668-BE54-9A1E7A4F7556}") = "RoadCaptain.Adapters", "src\RoadCaptain.Adapters\RoadCaptain.Adapters.csproj", "{2E2ECA2F-F51E-468E-A92D-20F82660E0E1}"
EndProject
Project("{9A19103F-16F7-4668-BE54-9A1E7A4F7556}") = "RoadCaptain.SegmentBuilder", "src\RoadCaptain.SegmentBuilder\RoadCaptain.SegmentBuilder.csproj", "{D320E3EB-6D78-4F99-A038-68804BDBCD4E}"
EndProject
Project("{2150E333-8FDC-42A3-9474-1A3956D46DE8}") = "packaging", "packaging", "{32960635-C826-4DFF-A9E0-8AFAE47DEC90}"
EndProject
Project("{930C7802-8A8C-48F9-8165-68863BCCD9DD}") = "RoadCaptain.Installer", "packaging\RoadCaptain.Installer\RoadCaptain.Installer.wixproj", "{7AFB461E-C812-4F42-80C9-E7B61B7221BC}"
EndProject
Project("{9A19103F-16F7-4668-BE54-9A1E7A4F7556}") = "RoadCaptain.WixComponentFileGenerator", "packaging\RoadCaptain.WixComponentFileGenerator\RoadCaptain.WixComponentFileGenerator.csproj", "{7FA3618C-6F84-4BA1-9FFA-7EDC96F6DF1C}"
EndProject
Project("{9A19103F-16F7-4668-BE54-9A1E7A4F7556}") = "RoadCaptain.SegmentSplitter", "src\RoadCaptain.SegmentSplitter\RoadCaptain.SegmentSplitter.csproj", "{2BDB6AFA-8544-4580-9DA7-B6C6BB0857DF}"
EndProject
Project("{9A19103F-16F7-4668-BE54-9A1E7A4F7556}") = "RoadCaptain.MarkerBuilder", "src\RoadCaptain.MarkerBuilder\RoadCaptain.MarkerBuilder.csproj", "{F8640B83-4BBB-4844-86CD-B8867C22778A}"
EndProject
Project("{9A19103F-16F7-4668-BE54-9A1E7A4F7556}") = "RoadCaptain.App.RouteBuilder", "src\RoadCaptain.App.RouteBuilder\RoadCaptain.App.RouteBuilder.csproj", "{AB5DB500-BE6D-4B5C-9B5A-374229055A43}"
EndProject
Project("{9A19103F-16F7-4668-BE54-9A1E7A4F7556}") = "RoadCaptain.App.Shared", "src\RoadCaptain.App.Shared\RoadCaptain.App.Shared.csproj", "{FF96BA9D-7A67-4C56-9FDB-A923AF235EC2}"
EndProject
Project("{9A19103F-16F7-4668-BE54-9A1E7A4F7556}") = "RoadCaptain.App.Windows", "src\RoadCaptain.App.Windows\RoadCaptain.App.Windows.csproj", "{A00865F7-B19B-43F6-9710-55A247588729}"
EndProject
Project("{9A19103F-16F7-4668-BE54-9A1E7A4F7556}") = "RoadCaptain.App.Linux", "src\RoadCaptain.App.Linux\RoadCaptain.App.Linux.csproj", "{8F2FBE3A-4381-4673-B8A8-1B03D44D0886}"
EndProject
Project("{9A19103F-16F7-4668-BE54-9A1E7A4F7556}") = "RoadCaptain.App.MacOs", "src\RoadCaptain.App.MacOs\RoadCaptain.App.MacOs.csproj", "{2811B499-EA37-4560-952F-361E9410EB09}"
EndProject
Project("{9A19103F-16F7-4668-BE54-9A1E7A4F7556}") = "RoadCaptain.App.Runner", "src\RoadCaptain.App.Runner\RoadCaptain.App.Runner.csproj", "{1F095D25-5DF6-48C7-8666-8FA1CCFD368F}"
EndProject
Project("{9A19103F-16F7-4668-BE54-9A1E7A4F7556}") = "RoadCaptain.App.Runner.Tests.Unit", "test\RoadCaptain.App.Runner.Tests.Unit\RoadCaptain.App.Runner.Tests.Unit.csproj", "{8F177922-4E75-4B26-8C69-ED84C380586B}"
EndProject
Project("{FAE04EC0-301F-11D3-BF4B-00C04F79EFBC}") = "RoadCaptain.App.Shared.Tests.Unit", "test\RoadCaptain.App.Shared.Tests.Unit\RoadCaptain.App.Shared.Tests.Unit.csproj", "{D12B5705-B113-4561-B26E-270495CFEF5C}"
EndProject
Global
	GlobalSection(SolutionConfigurationPlatforms) = preSolution
		Debug|Any CPU = Debug|Any CPU
		Debug|x64 = Debug|x64
		Debug|x86 = Debug|x86
		Release|Any CPU = Release|Any CPU
		Release|x64 = Release|x64
		Release|x86 = Release|x86
		ReleaseFull|Any CPU = ReleaseFull|Any CPU
		ReleaseFull|x64 = ReleaseFull|x64
		ReleaseFull|x86 = ReleaseFull|x86
	EndGlobalSection
	GlobalSection(ProjectConfigurationPlatforms) = postSolution
		{FB00E6FE-C998-462C-AD66-D08E58477737}.Debug|Any CPU.ActiveCfg = Debug|Any CPU
		{FB00E6FE-C998-462C-AD66-D08E58477737}.Debug|Any CPU.Build.0 = Debug|Any CPU
		{FB00E6FE-C998-462C-AD66-D08E58477737}.Debug|x64.ActiveCfg = Debug|Any CPU
		{FB00E6FE-C998-462C-AD66-D08E58477737}.Debug|x64.Build.0 = Debug|Any CPU
		{FB00E6FE-C998-462C-AD66-D08E58477737}.Debug|x86.ActiveCfg = Debug|Any CPU
		{FB00E6FE-C998-462C-AD66-D08E58477737}.Debug|x86.Build.0 = Debug|Any CPU
		{FB00E6FE-C998-462C-AD66-D08E58477737}.Release|Any CPU.ActiveCfg = Release|Any CPU
		{FB00E6FE-C998-462C-AD66-D08E58477737}.Release|Any CPU.Build.0 = Release|Any CPU
		{FB00E6FE-C998-462C-AD66-D08E58477737}.Release|x64.ActiveCfg = Release|Any CPU
		{FB00E6FE-C998-462C-AD66-D08E58477737}.Release|x64.Build.0 = Release|Any CPU
		{FB00E6FE-C998-462C-AD66-D08E58477737}.Release|x86.ActiveCfg = Release|Any CPU
		{FB00E6FE-C998-462C-AD66-D08E58477737}.Release|x86.Build.0 = Release|Any CPU
		{FB00E6FE-C998-462C-AD66-D08E58477737}.ReleaseFull|Any CPU.ActiveCfg = Release|Any CPU
		{FB00E6FE-C998-462C-AD66-D08E58477737}.ReleaseFull|Any CPU.Build.0 = Release|Any CPU
		{FB00E6FE-C998-462C-AD66-D08E58477737}.ReleaseFull|x64.ActiveCfg = Release|Any CPU
		{FB00E6FE-C998-462C-AD66-D08E58477737}.ReleaseFull|x64.Build.0 = Release|Any CPU
		{FB00E6FE-C998-462C-AD66-D08E58477737}.ReleaseFull|x86.ActiveCfg = Release|Any CPU
		{FB00E6FE-C998-462C-AD66-D08E58477737}.ReleaseFull|x86.Build.0 = Release|Any CPU
		{1AB4A083-6DAA-4CE4-B0E0-03C5B1636EB4}.Debug|Any CPU.ActiveCfg = Debug|Any CPU
		{1AB4A083-6DAA-4CE4-B0E0-03C5B1636EB4}.Debug|Any CPU.Build.0 = Debug|Any CPU
		{1AB4A083-6DAA-4CE4-B0E0-03C5B1636EB4}.Debug|x64.ActiveCfg = Debug|Any CPU
		{1AB4A083-6DAA-4CE4-B0E0-03C5B1636EB4}.Debug|x64.Build.0 = Debug|Any CPU
		{1AB4A083-6DAA-4CE4-B0E0-03C5B1636EB4}.Debug|x86.ActiveCfg = Debug|Any CPU
		{1AB4A083-6DAA-4CE4-B0E0-03C5B1636EB4}.Debug|x86.Build.0 = Debug|Any CPU
		{1AB4A083-6DAA-4CE4-B0E0-03C5B1636EB4}.Release|Any CPU.ActiveCfg = Release|Any CPU
		{1AB4A083-6DAA-4CE4-B0E0-03C5B1636EB4}.Release|Any CPU.Build.0 = Release|Any CPU
		{1AB4A083-6DAA-4CE4-B0E0-03C5B1636EB4}.Release|x64.ActiveCfg = Release|Any CPU
		{1AB4A083-6DAA-4CE4-B0E0-03C5B1636EB4}.Release|x64.Build.0 = Release|Any CPU
		{1AB4A083-6DAA-4CE4-B0E0-03C5B1636EB4}.Release|x86.ActiveCfg = Release|Any CPU
		{1AB4A083-6DAA-4CE4-B0E0-03C5B1636EB4}.Release|x86.Build.0 = Release|Any CPU
		{1AB4A083-6DAA-4CE4-B0E0-03C5B1636EB4}.ReleaseFull|Any CPU.ActiveCfg = Release|Any CPU
		{1AB4A083-6DAA-4CE4-B0E0-03C5B1636EB4}.ReleaseFull|Any CPU.Build.0 = Release|Any CPU
		{1AB4A083-6DAA-4CE4-B0E0-03C5B1636EB4}.ReleaseFull|x64.ActiveCfg = Release|Any CPU
		{1AB4A083-6DAA-4CE4-B0E0-03C5B1636EB4}.ReleaseFull|x64.Build.0 = Release|Any CPU
		{1AB4A083-6DAA-4CE4-B0E0-03C5B1636EB4}.ReleaseFull|x86.ActiveCfg = Release|Any CPU
		{1AB4A083-6DAA-4CE4-B0E0-03C5B1636EB4}.ReleaseFull|x86.Build.0 = Release|Any CPU
		{2E2ECA2F-F51E-468E-A92D-20F82660E0E1}.Debug|Any CPU.ActiveCfg = Debug|Any CPU
		{2E2ECA2F-F51E-468E-A92D-20F82660E0E1}.Debug|Any CPU.Build.0 = Debug|Any CPU
		{2E2ECA2F-F51E-468E-A92D-20F82660E0E1}.Debug|x64.ActiveCfg = Debug|Any CPU
		{2E2ECA2F-F51E-468E-A92D-20F82660E0E1}.Debug|x64.Build.0 = Debug|Any CPU
		{2E2ECA2F-F51E-468E-A92D-20F82660E0E1}.Debug|x86.ActiveCfg = Debug|Any CPU
		{2E2ECA2F-F51E-468E-A92D-20F82660E0E1}.Debug|x86.Build.0 = Debug|Any CPU
		{2E2ECA2F-F51E-468E-A92D-20F82660E0E1}.Release|Any CPU.ActiveCfg = Release|Any CPU
		{2E2ECA2F-F51E-468E-A92D-20F82660E0E1}.Release|Any CPU.Build.0 = Release|Any CPU
		{2E2ECA2F-F51E-468E-A92D-20F82660E0E1}.Release|x64.ActiveCfg = Release|Any CPU
		{2E2ECA2F-F51E-468E-A92D-20F82660E0E1}.Release|x64.Build.0 = Release|Any CPU
		{2E2ECA2F-F51E-468E-A92D-20F82660E0E1}.Release|x86.ActiveCfg = Release|Any CPU
		{2E2ECA2F-F51E-468E-A92D-20F82660E0E1}.Release|x86.Build.0 = Release|Any CPU
		{2E2ECA2F-F51E-468E-A92D-20F82660E0E1}.ReleaseFull|Any CPU.ActiveCfg = Release|Any CPU
		{2E2ECA2F-F51E-468E-A92D-20F82660E0E1}.ReleaseFull|Any CPU.Build.0 = Release|Any CPU
		{2E2ECA2F-F51E-468E-A92D-20F82660E0E1}.ReleaseFull|x64.ActiveCfg = Release|Any CPU
		{2E2ECA2F-F51E-468E-A92D-20F82660E0E1}.ReleaseFull|x64.Build.0 = Release|Any CPU
		{2E2ECA2F-F51E-468E-A92D-20F82660E0E1}.ReleaseFull|x86.ActiveCfg = Release|Any CPU
		{2E2ECA2F-F51E-468E-A92D-20F82660E0E1}.ReleaseFull|x86.Build.0 = Release|Any CPU
		{D320E3EB-6D78-4F99-A038-68804BDBCD4E}.Debug|Any CPU.ActiveCfg = Debug|Any CPU
		{D320E3EB-6D78-4F99-A038-68804BDBCD4E}.Debug|Any CPU.Build.0 = Debug|Any CPU
		{D320E3EB-6D78-4F99-A038-68804BDBCD4E}.Debug|x64.ActiveCfg = Debug|Any CPU
		{D320E3EB-6D78-4F99-A038-68804BDBCD4E}.Debug|x64.Build.0 = Debug|Any CPU
		{D320E3EB-6D78-4F99-A038-68804BDBCD4E}.Debug|x86.ActiveCfg = Debug|Any CPU
		{D320E3EB-6D78-4F99-A038-68804BDBCD4E}.Debug|x86.Build.0 = Debug|Any CPU
		{D320E3EB-6D78-4F99-A038-68804BDBCD4E}.Release|Any CPU.ActiveCfg = Release|Any CPU
		{D320E3EB-6D78-4F99-A038-68804BDBCD4E}.Release|x64.ActiveCfg = Release|Any CPU
		{D320E3EB-6D78-4F99-A038-68804BDBCD4E}.Release|x86.ActiveCfg = Release|Any CPU
		{D320E3EB-6D78-4F99-A038-68804BDBCD4E}.Release|x86.Build.0 = Release|Any CPU
		{D320E3EB-6D78-4F99-A038-68804BDBCD4E}.ReleaseFull|Any CPU.ActiveCfg = Release|Any CPU
		{D320E3EB-6D78-4F99-A038-68804BDBCD4E}.ReleaseFull|x64.ActiveCfg = Release|Any CPU
		{D320E3EB-6D78-4F99-A038-68804BDBCD4E}.ReleaseFull|x64.Build.0 = Release|Any CPU
		{D320E3EB-6D78-4F99-A038-68804BDBCD4E}.ReleaseFull|x86.ActiveCfg = Release|Any CPU
		{D320E3EB-6D78-4F99-A038-68804BDBCD4E}.ReleaseFull|x86.Build.0 = Release|Any CPU
		{7AFB461E-C812-4F42-80C9-E7B61B7221BC}.Debug|Any CPU.ActiveCfg = Debug|x86
		{7AFB461E-C812-4F42-80C9-E7B61B7221BC}.Debug|x64.ActiveCfg = Debug|x86
		{7AFB461E-C812-4F42-80C9-E7B61B7221BC}.Debug|x86.ActiveCfg = Debug|x86
		{7AFB461E-C812-4F42-80C9-E7B61B7221BC}.Debug|x86.Build.0 = Debug|x86
		{7AFB461E-C812-4F42-80C9-E7B61B7221BC}.Release|Any CPU.ActiveCfg = Release|x86
		{7AFB461E-C812-4F42-80C9-E7B61B7221BC}.Release|x64.ActiveCfg = Release|x86
		{7AFB461E-C812-4F42-80C9-E7B61B7221BC}.Release|x86.ActiveCfg = Release|x86
		{7AFB461E-C812-4F42-80C9-E7B61B7221BC}.Release|x86.Build.0 = Release|x86
		{7AFB461E-C812-4F42-80C9-E7B61B7221BC}.ReleaseFull|Any CPU.ActiveCfg = Release|x86
		{7AFB461E-C812-4F42-80C9-E7B61B7221BC}.ReleaseFull|Any CPU.Build.0 = Release|x86
		{7AFB461E-C812-4F42-80C9-E7B61B7221BC}.ReleaseFull|x64.ActiveCfg = Release|x86
		{7AFB461E-C812-4F42-80C9-E7B61B7221BC}.ReleaseFull|x86.ActiveCfg = Release|x86
		{7AFB461E-C812-4F42-80C9-E7B61B7221BC}.ReleaseFull|x86.Build.0 = Release|x86
		{7FA3618C-6F84-4BA1-9FFA-7EDC96F6DF1C}.Debug|Any CPU.ActiveCfg = Debug|Any CPU
		{7FA3618C-6F84-4BA1-9FFA-7EDC96F6DF1C}.Debug|Any CPU.Build.0 = Debug|Any CPU
		{7FA3618C-6F84-4BA1-9FFA-7EDC96F6DF1C}.Debug|x64.ActiveCfg = Debug|Any CPU
		{7FA3618C-6F84-4BA1-9FFA-7EDC96F6DF1C}.Debug|x64.Build.0 = Debug|Any CPU
		{7FA3618C-6F84-4BA1-9FFA-7EDC96F6DF1C}.Debug|x86.ActiveCfg = Debug|Any CPU
		{7FA3618C-6F84-4BA1-9FFA-7EDC96F6DF1C}.Debug|x86.Build.0 = Debug|Any CPU
		{7FA3618C-6F84-4BA1-9FFA-7EDC96F6DF1C}.Release|Any CPU.ActiveCfg = Release|Any CPU
		{7FA3618C-6F84-4BA1-9FFA-7EDC96F6DF1C}.Release|x64.ActiveCfg = Release|Any CPU
		{7FA3618C-6F84-4BA1-9FFA-7EDC96F6DF1C}.Release|x86.ActiveCfg = Release|Any CPU
		{7FA3618C-6F84-4BA1-9FFA-7EDC96F6DF1C}.Release|x86.Build.0 = Release|Any CPU
		{7FA3618C-6F84-4BA1-9FFA-7EDC96F6DF1C}.ReleaseFull|Any CPU.ActiveCfg = Release|Any CPU
		{7FA3618C-6F84-4BA1-9FFA-7EDC96F6DF1C}.ReleaseFull|Any CPU.Build.0 = Release|Any CPU
		{7FA3618C-6F84-4BA1-9FFA-7EDC96F6DF1C}.ReleaseFull|x64.ActiveCfg = Release|Any CPU
		{7FA3618C-6F84-4BA1-9FFA-7EDC96F6DF1C}.ReleaseFull|x64.Build.0 = Release|Any CPU
		{7FA3618C-6F84-4BA1-9FFA-7EDC96F6DF1C}.ReleaseFull|x86.ActiveCfg = Release|Any CPU
		{7FA3618C-6F84-4BA1-9FFA-7EDC96F6DF1C}.ReleaseFull|x86.Build.0 = Release|Any CPU
		{2BDB6AFA-8544-4580-9DA7-B6C6BB0857DF}.Debug|Any CPU.ActiveCfg = Debug|Any CPU
		{2BDB6AFA-8544-4580-9DA7-B6C6BB0857DF}.Debug|Any CPU.Build.0 = Debug|Any CPU
		{2BDB6AFA-8544-4580-9DA7-B6C6BB0857DF}.Debug|x64.ActiveCfg = Debug|Any CPU
		{2BDB6AFA-8544-4580-9DA7-B6C6BB0857DF}.Debug|x64.Build.0 = Debug|Any CPU
		{2BDB6AFA-8544-4580-9DA7-B6C6BB0857DF}.Debug|x86.ActiveCfg = Debug|Any CPU
		{2BDB6AFA-8544-4580-9DA7-B6C6BB0857DF}.Debug|x86.Build.0 = Debug|Any CPU
		{2BDB6AFA-8544-4580-9DA7-B6C6BB0857DF}.Release|Any CPU.ActiveCfg = Release|Any CPU
		{2BDB6AFA-8544-4580-9DA7-B6C6BB0857DF}.Release|x64.ActiveCfg = Release|Any CPU
		{2BDB6AFA-8544-4580-9DA7-B6C6BB0857DF}.Release|x86.ActiveCfg = Release|Any CPU
		{2BDB6AFA-8544-4580-9DA7-B6C6BB0857DF}.Release|x86.Build.0 = Release|Any CPU
		{2BDB6AFA-8544-4580-9DA7-B6C6BB0857DF}.ReleaseFull|Any CPU.ActiveCfg = Release|Any CPU
		{2BDB6AFA-8544-4580-9DA7-B6C6BB0857DF}.ReleaseFull|x64.ActiveCfg = Release|Any CPU
		{2BDB6AFA-8544-4580-9DA7-B6C6BB0857DF}.ReleaseFull|x64.Build.0 = Release|Any CPU
		{2BDB6AFA-8544-4580-9DA7-B6C6BB0857DF}.ReleaseFull|x86.ActiveCfg = Release|Any CPU
		{2BDB6AFA-8544-4580-9DA7-B6C6BB0857DF}.ReleaseFull|x86.Build.0 = Release|Any CPU
		{F8640B83-4BBB-4844-86CD-B8867C22778A}.Debug|Any CPU.ActiveCfg = Debug|Any CPU
		{F8640B83-4BBB-4844-86CD-B8867C22778A}.Debug|Any CPU.Build.0 = Debug|Any CPU
		{F8640B83-4BBB-4844-86CD-B8867C22778A}.Debug|x64.ActiveCfg = Debug|Any CPU
		{F8640B83-4BBB-4844-86CD-B8867C22778A}.Debug|x64.Build.0 = Debug|Any CPU
		{F8640B83-4BBB-4844-86CD-B8867C22778A}.Debug|x86.ActiveCfg = Debug|Any CPU
		{F8640B83-4BBB-4844-86CD-B8867C22778A}.Debug|x86.Build.0 = Debug|Any CPU
		{F8640B83-4BBB-4844-86CD-B8867C22778A}.Release|Any CPU.ActiveCfg = Release|Any CPU
		{F8640B83-4BBB-4844-86CD-B8867C22778A}.Release|x64.ActiveCfg = Release|Any CPU
		{F8640B83-4BBB-4844-86CD-B8867C22778A}.Release|x86.ActiveCfg = Release|Any CPU
		{F8640B83-4BBB-4844-86CD-B8867C22778A}.Release|x86.Build.0 = Release|Any CPU
		{F8640B83-4BBB-4844-86CD-B8867C22778A}.ReleaseFull|Any CPU.ActiveCfg = Release|Any CPU
		{F8640B83-4BBB-4844-86CD-B8867C22778A}.ReleaseFull|x64.ActiveCfg = Release|Any CPU
		{F8640B83-4BBB-4844-86CD-B8867C22778A}.ReleaseFull|x64.Build.0 = Release|Any CPU
		{F8640B83-4BBB-4844-86CD-B8867C22778A}.ReleaseFull|x86.ActiveCfg = Release|Any CPU
		{F8640B83-4BBB-4844-86CD-B8867C22778A}.ReleaseFull|x86.Build.0 = Release|Any CPU
		{AB5DB500-BE6D-4B5C-9B5A-374229055A43}.Debug|Any CPU.ActiveCfg = Debug|Any CPU
		{AB5DB500-BE6D-4B5C-9B5A-374229055A43}.Debug|Any CPU.Build.0 = Debug|Any CPU
		{AB5DB500-BE6D-4B5C-9B5A-374229055A43}.Debug|x64.ActiveCfg = Debug|Any CPU
		{AB5DB500-BE6D-4B5C-9B5A-374229055A43}.Debug|x64.Build.0 = Debug|Any CPU
		{AB5DB500-BE6D-4B5C-9B5A-374229055A43}.Debug|x86.ActiveCfg = Debug|Any CPU
		{AB5DB500-BE6D-4B5C-9B5A-374229055A43}.Debug|x86.Build.0 = Debug|Any CPU
		{AB5DB500-BE6D-4B5C-9B5A-374229055A43}.Release|Any CPU.ActiveCfg = Release|Any CPU
		{AB5DB500-BE6D-4B5C-9B5A-374229055A43}.Release|Any CPU.Build.0 = Release|Any CPU
		{AB5DB500-BE6D-4B5C-9B5A-374229055A43}.Release|x64.ActiveCfg = Release|Any CPU
		{AB5DB500-BE6D-4B5C-9B5A-374229055A43}.Release|x64.Build.0 = Release|Any CPU
		{AB5DB500-BE6D-4B5C-9B5A-374229055A43}.Release|x86.ActiveCfg = Release|Any CPU
		{AB5DB500-BE6D-4B5C-9B5A-374229055A43}.Release|x86.Build.0 = Release|Any CPU
		{AB5DB500-BE6D-4B5C-9B5A-374229055A43}.ReleaseFull|Any CPU.ActiveCfg = Release|Any CPU
		{AB5DB500-BE6D-4B5C-9B5A-374229055A43}.ReleaseFull|Any CPU.Build.0 = Release|Any CPU
		{AB5DB500-BE6D-4B5C-9B5A-374229055A43}.ReleaseFull|x64.ActiveCfg = Release|Any CPU
		{AB5DB500-BE6D-4B5C-9B5A-374229055A43}.ReleaseFull|x64.Build.0 = Release|Any CPU
		{AB5DB500-BE6D-4B5C-9B5A-374229055A43}.ReleaseFull|x86.ActiveCfg = Release|Any CPU
		{AB5DB500-BE6D-4B5C-9B5A-374229055A43}.ReleaseFull|x86.Build.0 = Release|Any CPU
		{FF96BA9D-7A67-4C56-9FDB-A923AF235EC2}.Debug|Any CPU.ActiveCfg = Debug|Any CPU
		{FF96BA9D-7A67-4C56-9FDB-A923AF235EC2}.Debug|Any CPU.Build.0 = Debug|Any CPU
		{FF96BA9D-7A67-4C56-9FDB-A923AF235EC2}.Debug|x64.ActiveCfg = Debug|Any CPU
		{FF96BA9D-7A67-4C56-9FDB-A923AF235EC2}.Debug|x64.Build.0 = Debug|Any CPU
		{FF96BA9D-7A67-4C56-9FDB-A923AF235EC2}.Debug|x86.ActiveCfg = Debug|Any CPU
		{FF96BA9D-7A67-4C56-9FDB-A923AF235EC2}.Debug|x86.Build.0 = Debug|Any CPU
		{FF96BA9D-7A67-4C56-9FDB-A923AF235EC2}.Release|Any CPU.ActiveCfg = Release|Any CPU
		{FF96BA9D-7A67-4C56-9FDB-A923AF235EC2}.Release|Any CPU.Build.0 = Release|Any CPU
		{FF96BA9D-7A67-4C56-9FDB-A923AF235EC2}.Release|x64.ActiveCfg = Release|Any CPU
		{FF96BA9D-7A67-4C56-9FDB-A923AF235EC2}.Release|x64.Build.0 = Release|Any CPU
		{FF96BA9D-7A67-4C56-9FDB-A923AF235EC2}.Release|x86.ActiveCfg = Release|Any CPU
		{FF96BA9D-7A67-4C56-9FDB-A923AF235EC2}.Release|x86.Build.0 = Release|Any CPU
		{FF96BA9D-7A67-4C56-9FDB-A923AF235EC2}.ReleaseFull|Any CPU.ActiveCfg = Release|Any CPU
		{FF96BA9D-7A67-4C56-9FDB-A923AF235EC2}.ReleaseFull|Any CPU.Build.0 = Release|Any CPU
		{FF96BA9D-7A67-4C56-9FDB-A923AF235EC2}.ReleaseFull|x64.ActiveCfg = Release|Any CPU
		{FF96BA9D-7A67-4C56-9FDB-A923AF235EC2}.ReleaseFull|x64.Build.0 = Release|Any CPU
		{FF96BA9D-7A67-4C56-9FDB-A923AF235EC2}.ReleaseFull|x86.ActiveCfg = Release|Any CPU
		{FF96BA9D-7A67-4C56-9FDB-A923AF235EC2}.ReleaseFull|x86.Build.0 = Release|Any CPU
		{A00865F7-B19B-43F6-9710-55A247588729}.Debug|Any CPU.ActiveCfg = Debug|Any CPU
		{A00865F7-B19B-43F6-9710-55A247588729}.Debug|Any CPU.Build.0 = Debug|Any CPU
		{A00865F7-B19B-43F6-9710-55A247588729}.Debug|x64.ActiveCfg = Debug|Any CPU
		{A00865F7-B19B-43F6-9710-55A247588729}.Debug|x64.Build.0 = Debug|Any CPU
		{A00865F7-B19B-43F6-9710-55A247588729}.Debug|x86.ActiveCfg = Debug|Any CPU
		{A00865F7-B19B-43F6-9710-55A247588729}.Debug|x86.Build.0 = Debug|Any CPU
		{A00865F7-B19B-43F6-9710-55A247588729}.Release|Any CPU.ActiveCfg = Release|Any CPU
		{A00865F7-B19B-43F6-9710-55A247588729}.Release|Any CPU.Build.0 = Release|Any CPU
		{A00865F7-B19B-43F6-9710-55A247588729}.Release|x64.ActiveCfg = Release|Any CPU
		{A00865F7-B19B-43F6-9710-55A247588729}.Release|x64.Build.0 = Release|Any CPU
		{A00865F7-B19B-43F6-9710-55A247588729}.Release|x86.ActiveCfg = Release|Any CPU
		{A00865F7-B19B-43F6-9710-55A247588729}.Release|x86.Build.0 = Release|Any CPU
		{A00865F7-B19B-43F6-9710-55A247588729}.ReleaseFull|Any CPU.ActiveCfg = Release|Any CPU
		{A00865F7-B19B-43F6-9710-55A247588729}.ReleaseFull|Any CPU.Build.0 = Release|Any CPU
		{A00865F7-B19B-43F6-9710-55A247588729}.ReleaseFull|x64.ActiveCfg = Release|Any CPU
		{A00865F7-B19B-43F6-9710-55A247588729}.ReleaseFull|x64.Build.0 = Release|Any CPU
		{A00865F7-B19B-43F6-9710-55A247588729}.ReleaseFull|x86.ActiveCfg = Release|Any CPU
		{A00865F7-B19B-43F6-9710-55A247588729}.ReleaseFull|x86.Build.0 = Release|Any CPU
		{8F2FBE3A-4381-4673-B8A8-1B03D44D0886}.Debug|Any CPU.ActiveCfg = Debug|Any CPU
		{8F2FBE3A-4381-4673-B8A8-1B03D44D0886}.Debug|Any CPU.Build.0 = Debug|Any CPU
		{8F2FBE3A-4381-4673-B8A8-1B03D44D0886}.Debug|x64.ActiveCfg = Debug|Any CPU
		{8F2FBE3A-4381-4673-B8A8-1B03D44D0886}.Debug|x64.Build.0 = Debug|Any CPU
		{8F2FBE3A-4381-4673-B8A8-1B03D44D0886}.Debug|x86.ActiveCfg = Debug|Any CPU
		{8F2FBE3A-4381-4673-B8A8-1B03D44D0886}.Debug|x86.Build.0 = Debug|Any CPU
		{8F2FBE3A-4381-4673-B8A8-1B03D44D0886}.Release|Any CPU.ActiveCfg = Release|Any CPU
		{8F2FBE3A-4381-4673-B8A8-1B03D44D0886}.Release|Any CPU.Build.0 = Release|Any CPU
		{8F2FBE3A-4381-4673-B8A8-1B03D44D0886}.Release|x64.ActiveCfg = Release|Any CPU
		{8F2FBE3A-4381-4673-B8A8-1B03D44D0886}.Release|x64.Build.0 = Release|Any CPU
		{8F2FBE3A-4381-4673-B8A8-1B03D44D0886}.Release|x86.ActiveCfg = Release|Any CPU
		{8F2FBE3A-4381-4673-B8A8-1B03D44D0886}.Release|x86.Build.0 = Release|Any CPU
		{8F2FBE3A-4381-4673-B8A8-1B03D44D0886}.ReleaseFull|Any CPU.ActiveCfg = Release|Any CPU
		{8F2FBE3A-4381-4673-B8A8-1B03D44D0886}.ReleaseFull|Any CPU.Build.0 = Release|Any CPU
		{8F2FBE3A-4381-4673-B8A8-1B03D44D0886}.ReleaseFull|x64.ActiveCfg = Release|Any CPU
		{8F2FBE3A-4381-4673-B8A8-1B03D44D0886}.ReleaseFull|x64.Build.0 = Release|Any CPU
		{8F2FBE3A-4381-4673-B8A8-1B03D44D0886}.ReleaseFull|x86.ActiveCfg = Release|Any CPU
		{8F2FBE3A-4381-4673-B8A8-1B03D44D0886}.ReleaseFull|x86.Build.0 = Release|Any CPU
		{2811B499-EA37-4560-952F-361E9410EB09}.Debug|Any CPU.ActiveCfg = Debug|Any CPU
		{2811B499-EA37-4560-952F-361E9410EB09}.Debug|Any CPU.Build.0 = Debug|Any CPU
		{2811B499-EA37-4560-952F-361E9410EB09}.Debug|x64.ActiveCfg = Debug|Any CPU
		{2811B499-EA37-4560-952F-361E9410EB09}.Debug|x64.Build.0 = Debug|Any CPU
		{2811B499-EA37-4560-952F-361E9410EB09}.Debug|x86.ActiveCfg = Debug|Any CPU
		{2811B499-EA37-4560-952F-361E9410EB09}.Debug|x86.Build.0 = Debug|Any CPU
		{2811B499-EA37-4560-952F-361E9410EB09}.Release|Any CPU.ActiveCfg = Release|Any CPU
		{2811B499-EA37-4560-952F-361E9410EB09}.Release|Any CPU.Build.0 = Release|Any CPU
		{2811B499-EA37-4560-952F-361E9410EB09}.Release|x64.ActiveCfg = Release|Any CPU
		{2811B499-EA37-4560-952F-361E9410EB09}.Release|x64.Build.0 = Release|Any CPU
		{2811B499-EA37-4560-952F-361E9410EB09}.Release|x86.ActiveCfg = Release|Any CPU
		{2811B499-EA37-4560-952F-361E9410EB09}.Release|x86.Build.0 = Release|Any CPU
		{2811B499-EA37-4560-952F-361E9410EB09}.ReleaseFull|Any CPU.ActiveCfg = Release|Any CPU
		{2811B499-EA37-4560-952F-361E9410EB09}.ReleaseFull|Any CPU.Build.0 = Release|Any CPU
		{2811B499-EA37-4560-952F-361E9410EB09}.ReleaseFull|x64.ActiveCfg = Release|Any CPU
		{2811B499-EA37-4560-952F-361E9410EB09}.ReleaseFull|x64.Build.0 = Release|Any CPU
		{2811B499-EA37-4560-952F-361E9410EB09}.ReleaseFull|x86.ActiveCfg = Release|Any CPU
		{2811B499-EA37-4560-952F-361E9410EB09}.ReleaseFull|x86.Build.0 = Release|Any CPU
		{1F095D25-5DF6-48C7-8666-8FA1CCFD368F}.Debug|Any CPU.ActiveCfg = Debug|Any CPU
		{1F095D25-5DF6-48C7-8666-8FA1CCFD368F}.Debug|Any CPU.Build.0 = Debug|Any CPU
		{1F095D25-5DF6-48C7-8666-8FA1CCFD368F}.Debug|x64.ActiveCfg = Debug|Any CPU
		{1F095D25-5DF6-48C7-8666-8FA1CCFD368F}.Debug|x64.Build.0 = Debug|Any CPU
		{1F095D25-5DF6-48C7-8666-8FA1CCFD368F}.Debug|x86.ActiveCfg = Debug|Any CPU
		{1F095D25-5DF6-48C7-8666-8FA1CCFD368F}.Debug|x86.Build.0 = Debug|Any CPU
		{1F095D25-5DF6-48C7-8666-8FA1CCFD368F}.Release|Any CPU.ActiveCfg = Release|Any CPU
		{1F095D25-5DF6-48C7-8666-8FA1CCFD368F}.Release|Any CPU.Build.0 = Release|Any CPU
		{1F095D25-5DF6-48C7-8666-8FA1CCFD368F}.Release|x64.ActiveCfg = Release|Any CPU
		{1F095D25-5DF6-48C7-8666-8FA1CCFD368F}.Release|x64.Build.0 = Release|Any CPU
		{1F095D25-5DF6-48C7-8666-8FA1CCFD368F}.Release|x86.ActiveCfg = Release|Any CPU
		{1F095D25-5DF6-48C7-8666-8FA1CCFD368F}.Release|x86.Build.0 = Release|Any CPU
		{1F095D25-5DF6-48C7-8666-8FA1CCFD368F}.ReleaseFull|Any CPU.ActiveCfg = Release|Any CPU
		{1F095D25-5DF6-48C7-8666-8FA1CCFD368F}.ReleaseFull|Any CPU.Build.0 = Release|Any CPU
		{1F095D25-5DF6-48C7-8666-8FA1CCFD368F}.ReleaseFull|x64.ActiveCfg = Release|Any CPU
		{1F095D25-5DF6-48C7-8666-8FA1CCFD368F}.ReleaseFull|x64.Build.0 = Release|Any CPU
		{1F095D25-5DF6-48C7-8666-8FA1CCFD368F}.ReleaseFull|x86.ActiveCfg = Release|Any CPU
		{1F095D25-5DF6-48C7-8666-8FA1CCFD368F}.ReleaseFull|x86.Build.0 = Release|Any CPU
		{8F177922-4E75-4B26-8C69-ED84C380586B}.Debug|Any CPU.ActiveCfg = Debug|Any CPU
		{8F177922-4E75-4B26-8C69-ED84C380586B}.Debug|Any CPU.Build.0 = Debug|Any CPU
		{8F177922-4E75-4B26-8C69-ED84C380586B}.Debug|x64.ActiveCfg = Debug|Any CPU
		{8F177922-4E75-4B26-8C69-ED84C380586B}.Debug|x64.Build.0 = Debug|Any CPU
		{8F177922-4E75-4B26-8C69-ED84C380586B}.Debug|x86.ActiveCfg = Debug|Any CPU
		{8F177922-4E75-4B26-8C69-ED84C380586B}.Debug|x86.Build.0 = Debug|Any CPU
		{8F177922-4E75-4B26-8C69-ED84C380586B}.Release|Any CPU.ActiveCfg = Release|Any CPU
		{8F177922-4E75-4B26-8C69-ED84C380586B}.Release|Any CPU.Build.0 = Release|Any CPU
		{8F177922-4E75-4B26-8C69-ED84C380586B}.Release|x64.ActiveCfg = Release|Any CPU
		{8F177922-4E75-4B26-8C69-ED84C380586B}.Release|x64.Build.0 = Release|Any CPU
		{8F177922-4E75-4B26-8C69-ED84C380586B}.Release|x86.ActiveCfg = Release|Any CPU
		{8F177922-4E75-4B26-8C69-ED84C380586B}.Release|x86.Build.0 = Release|Any CPU
		{8F177922-4E75-4B26-8C69-ED84C380586B}.ReleaseFull|Any CPU.ActiveCfg = Release|Any CPU
		{8F177922-4E75-4B26-8C69-ED84C380586B}.ReleaseFull|Any CPU.Build.0 = Release|Any CPU
		{8F177922-4E75-4B26-8C69-ED84C380586B}.ReleaseFull|x64.ActiveCfg = Release|Any CPU
		{8F177922-4E75-4B26-8C69-ED84C380586B}.ReleaseFull|x64.Build.0 = Release|Any CPU
		{8F177922-4E75-4B26-8C69-ED84C380586B}.ReleaseFull|x86.ActiveCfg = Release|Any CPU
		{8F177922-4E75-4B26-8C69-ED84C380586B}.ReleaseFull|x86.Build.0 = Release|Any CPU
		{D12B5705-B113-4561-B26E-270495CFEF5C}.Debug|Any CPU.ActiveCfg = Debug|Any CPU
		{D12B5705-B113-4561-B26E-270495CFEF5C}.Debug|Any CPU.Build.0 = Debug|Any CPU
		{D12B5705-B113-4561-B26E-270495CFEF5C}.Debug|x64.ActiveCfg = Debug|Any CPU
		{D12B5705-B113-4561-B26E-270495CFEF5C}.Debug|x64.Build.0 = Debug|Any CPU
		{D12B5705-B113-4561-B26E-270495CFEF5C}.Debug|x86.ActiveCfg = Debug|Any CPU
		{D12B5705-B113-4561-B26E-270495CFEF5C}.Debug|x86.Build.0 = Debug|Any CPU
		{D12B5705-B113-4561-B26E-270495CFEF5C}.Release|Any CPU.ActiveCfg = Release|Any CPU
		{D12B5705-B113-4561-B26E-270495CFEF5C}.Release|Any CPU.Build.0 = Release|Any CPU
		{D12B5705-B113-4561-B26E-270495CFEF5C}.Release|x64.ActiveCfg = Release|Any CPU
		{D12B5705-B113-4561-B26E-270495CFEF5C}.Release|x64.Build.0 = Release|Any CPU
		{D12B5705-B113-4561-B26E-270495CFEF5C}.Release|x86.ActiveCfg = Release|Any CPU
		{D12B5705-B113-4561-B26E-270495CFEF5C}.Release|x86.Build.0 = Release|Any CPU
		{D12B5705-B113-4561-B26E-270495CFEF5C}.ReleaseFull|Any CPU.ActiveCfg = Release|Any CPU
		{D12B5705-B113-4561-B26E-270495CFEF5C}.ReleaseFull|Any CPU.Build.0 = Release|Any CPU
		{D12B5705-B113-4561-B26E-270495CFEF5C}.ReleaseFull|x64.ActiveCfg = Release|Any CPU
		{D12B5705-B113-4561-B26E-270495CFEF5C}.ReleaseFull|x64.Build.0 = Release|Any CPU
		{D12B5705-B113-4561-B26E-270495CFEF5C}.ReleaseFull|x86.ActiveCfg = Release|Any CPU
		{D12B5705-B113-4561-B26E-270495CFEF5C}.ReleaseFull|x86.Build.0 = Release|Any CPU
	EndGlobalSection
	GlobalSection(SolutionProperties) = preSolution
		HideSolutionNode = FALSE
	EndGlobalSection
	GlobalSection(NestedProjects) = preSolution
		{FB00E6FE-C998-462C-AD66-D08E58477737} = {BEA7E74A-4BB1-47E5-864C-8F017CD224BB}
		{1AB4A083-6DAA-4CE4-B0E0-03C5B1636EB4} = {E3C458CE-58E7-4E56-BC08-A5AA17B898B1}
		{2E2ECA2F-F51E-468E-A92D-20F82660E0E1} = {BEA7E74A-4BB1-47E5-864C-8F017CD224BB}
		{D320E3EB-6D78-4F99-A038-68804BDBCD4E} = {BEA7E74A-4BB1-47E5-864C-8F017CD224BB}
		{7AFB461E-C812-4F42-80C9-E7B61B7221BC} = {32960635-C826-4DFF-A9E0-8AFAE47DEC90}
		{7FA3618C-6F84-4BA1-9FFA-7EDC96F6DF1C} = {32960635-C826-4DFF-A9E0-8AFAE47DEC90}
		{2BDB6AFA-8544-4580-9DA7-B6C6BB0857DF} = {BEA7E74A-4BB1-47E5-864C-8F017CD224BB}
		{F8640B83-4BBB-4844-86CD-B8867C22778A} = {BEA7E74A-4BB1-47E5-864C-8F017CD224BB}
		{AB5DB500-BE6D-4B5C-9B5A-374229055A43} = {BEA7E74A-4BB1-47E5-864C-8F017CD224BB}
		{FF96BA9D-7A67-4C56-9FDB-A923AF235EC2} = {BEA7E74A-4BB1-47E5-864C-8F017CD224BB}
		{A00865F7-B19B-43F6-9710-55A247588729} = {BEA7E74A-4BB1-47E5-864C-8F017CD224BB}
		{8F2FBE3A-4381-4673-B8A8-1B03D44D0886} = {BEA7E74A-4BB1-47E5-864C-8F017CD224BB}
		{2811B499-EA37-4560-952F-361E9410EB09} = {BEA7E74A-4BB1-47E5-864C-8F017CD224BB}
		{1F095D25-5DF6-48C7-8666-8FA1CCFD368F} = {BEA7E74A-4BB1-47E5-864C-8F017CD224BB}
		{8F177922-4E75-4B26-8C69-ED84C380586B} = {E3C458CE-58E7-4E56-BC08-A5AA17B898B1}
		{D12B5705-B113-4561-B26E-270495CFEF5C} = {E3C458CE-58E7-4E56-BC08-A5AA17B898B1}
	EndGlobalSection
	GlobalSection(ExtensibilityGlobals) = postSolution
		SolutionGuid = {EFDBED01-0D64-4ACF-89AA-107DDFD90387}
	EndGlobalSection
EndGlobal
